
Microsoft Visual Studio Solution File, Format Version 12.00
# Visual Studio 14
VisualStudioVersion = 14.0.25420.1
MinimumVisualStudioVersion = 10.0.40219.1
Project("{8BC9CEB8-8B4A-11D0-8D11-00A0C91BC942}") = "29_RPN", "29_RPN\29_RPN.vcxproj", "{D1A7598F-06CA-4C76-999C-1B10DBD260FB}"
EndProject
Project("{8BC9CEB8-8B4A-11D0-8D11-00A0C91BC942}") = "MyExecRefsDll", "..\..\5 labs\DynamicLibrary\MyExecRefsDll\MyExecRefsDll.vcxproj", "{B2D218EE-8504-4B95-A778-A01F50D4A21C}"
EndProject
Project("{8BC9CEB8-8B4A-11D0-8D11-00A0C91BC942}") = "MathFuncsDll", "..\..\5 labs\DynamicLibrary\MathFuncsDll\MathFuncsDll.vcxproj", "{08C8EE67-CE04-48CE-BC0F-BAB71C666D8F}"
EndProject
Project("{8BC9CEB8-8B4A-11D0-8D11-00A0C91BC942}") = "lab_5", "..\..\5 labs\lab_5\lab_5\lab_5.vcxproj", "{609017CD-C24F-4C4E-8258-6A155E40E62D}"
EndProject
Global
	GlobalSection(SolutionConfigurationPlatforms) = preSolution
		Debug|x64 = Debug|x64
		Debug|x86 = Debug|x86
		Release|x64 = Release|x64
		Release|x86 = Release|x86
	EndGlobalSection
	GlobalSection(ProjectConfigurationPlatforms) = postSolution
		{D1A7598F-06CA-4C76-999C-1B10DBD260FB}.Debug|x64.ActiveCfg = Debug|x64
		{D1A7598F-06CA-4C76-999C-1B10DBD260FB}.Debug|x64.Build.0 = Debug|x64
		{D1A7598F-06CA-4C76-999C-1B10DBD260FB}.Debug|x86.ActiveCfg = Debug|Win32
		{D1A7598F-06CA-4C76-999C-1B10DBD260FB}.Debug|x86.Build.0 = Debug|Win32
		{D1A7598F-06CA-4C76-999C-1B10DBD260FB}.Release|x64.ActiveCfg = Release|x64
		{D1A7598F-06CA-4C76-999C-1B10DBD260FB}.Release|x64.Build.0 = Release|x64
		{D1A7598F-06CA-4C76-999C-1B10DBD260FB}.Release|x86.ActiveCfg = Release|Win32
		{D1A7598F-06CA-4C76-999C-1B10DBD260FB}.Release|x86.Build.0 = Release|Win32
		{B2D218EE-8504-4B95-A778-A01F50D4A21C}.Debug|x64.ActiveCfg = Debug|x64
		{B2D218EE-8504-4B95-A778-A01F50D4A21C}.Debug|x64.Build.0 = Debug|x64
		{B2D218EE-8504-4B95-A778-A01F50D4A21C}.Debug|x86.ActiveCfg = Debug|Win32
		{B2D218EE-8504-4B95-A778-A01F50D4A21C}.Debug|x86.Build.0 = Debug|Win32
		{B2D218EE-8504-4B95-A778-A01F50D4A21C}.Release|x64.ActiveCfg = Release|x64
		{B2D218EE-8504-4B95-A778-A01F50D4A21C}.Release|x64.Build.0 = Release|x64
		{B2D218EE-8504-4B95-A778-A01F50D4A21C}.Release|x86.ActiveCfg = Release|Win32
		{B2D218EE-8504-4B95-A778-A01F50D4A21C}.Release|x86.Build.0 = Release|Win32
		{08C8EE67-CE04-48CE-BC0F-BAB71C666D8F}.Debug|x64.ActiveCfg = Debug|x64
		{08C8EE67-CE04-48CE-BC0F-BAB71C666D8F}.Debug|x64.Build.0 = Debug|x64
		{08C8EE67-CE04-48CE-BC0F-BAB71C666D8F}.Debug|x86.ActiveCfg = Debug|Win32
		{08C8EE67-CE04-48CE-BC0F-BAB71C666D8F}.Debug|x86.Build.0 = Debug|Win32
		{08C8EE67-CE04-48CE-BC0F-BAB71C666D8F}.Release|x64.ActiveCfg = Release|x64
		{08C8EE67-CE04-48CE-BC0F-BAB71C666D8F}.Release|x64.Build.0 = Release|x64
		{08C8EE67-CE04-48CE-BC0F-BAB71C666D8F}.Release|x86.ActiveCfg = Release|Win32
		{08C8EE67-CE04-48CE-BC0F-BAB71C666D8F}.Release|x86.Build.0 = Release|Win32
		{609017CD-C24F-4C4E-8258-6A155E40E62D}.Debug|x64.ActiveCfg = Debug|x64
		{609017CD-C24F-4C4E-8258-6A155E40E62D}.Debug|x64.Build.0 = Debug|x64
		{609017CD-C24F-4C4E-8258-6A155E40E62D}.Debug|x86.ActiveCfg = Debug|Win32
		{609017CD-C24F-4C4E-8258-6A155E40E62D}.Debug|x86.Build.0 = Debug|Win32
		{609017CD-C24F-4C4E-8258-6A155E40E62D}.Release|x64.ActiveCfg = Release|x64
		{609017CD-C24F-4C4E-8258-6A155E40E62D}.Release|x64.Build.0 = Release|x64
		{609017CD-C24F-4C4E-8258-6A155E40E62D}.Release|x86.ActiveCfg = Release|Win32
		{609017CD-C24F-4C4E-8258-6A155E40E62D}.Release|x86.Build.0 = Release|Win32
	EndGlobalSection
	GlobalSection(SolutionProperties) = preSolution
		HideSolutionNode = FALSE
	EndGlobalSection
EndGlobal
